Microsoft Visual Studio Solution File, Format Version 12.00
# Visual Studio Version 17
VisualStudioVersion = 17.5.2.0
MinimumVisualStudioVersion = 10.0.40219.1
Project("{FAE04EC0-301F-11D3-BF4B-00C04F79EFBC}") = "Orbi_PicoGK_Engine", "Orbi_PicoGK_Engine.csproj", "{99135F80-B150-2346-C718-0EF19E913DD9}"
EndProject
Global
	GlobalSection(SolutionConfigurationPlatforms) = preSolution
		Debug|Any CPU = Debug|Any CPU
		Release|Any CPU = Release|Any CPU
	EndGlobalSection
	GlobalSection(ProjectConfigurationPlatforms) = postSolution
		{99135F80-B150-2346-C718-0EF19E913DD9}.Debug|Any CPU.ActiveCfg = Debug|Any CPU
		{99135F80-B150-2346-C718-0EF19E913DD9}.Debug|Any CPU.Build.0 = Debug|Any CPU
		{99135F80-B150-2346-C718-0EF19E913DD9}.Release|Any CPU.ActiveCfg = Release|Any CPU
		{99135F80-B150-2346-C718-0EF19E913DD9}.Release|Any CPU.Build.0 = Release|Any CPU
	EndGlobalSection
	GlobalSection(SolutionProperties) = preSolution
		HideSolutionNode = FALSE
	EndGlobalSection
	GlobalSection(ExtensibilityGlobals) = postSolution
		SolutionGuid = {AE5AF78D-3757-479C-8901-E506A56F9DC8}
	EndGlobalSection
EndGlobal
